
Microsoft Visual Studio Solution File, Format Version 12.00
# Visual Studio Version 17
VisualStudioVersion = 17.3.32922.545
MinimumVisualStudioVersion = 10.0.40219.1
Project("{9A19103F-16F7-4668-BE54-9A1E7A4F7556}") = "AntColonyExtLib", "AntColonyExtLib\AntColonyExtLib.csproj", "{3894887A-2321-4C95-9452-DA4B8E794E15}"
EndProject
Project("{9A19103F-16F7-4668-BE54-9A1E7A4F7556}") = "AntColonyClient", "AntColonyClient\AntColonyClient.csproj", "{55343941-FDF2-4CFF-AE67-F7B601A0ECD9}"
EndProject
Project("{9A19103F-16F7-4668-BE54-9A1E7A4F7556}") = "AntColonyClient.Models", "AntColonyClientModels\AntColonyClient.Models.csproj", "{DA3CE403-0F38-4CED-84EC-97794E4A0427}"
EndProject
Project("{9A19103F-16F7-4668-BE54-9A1E7A4F7556}") = "AntColonyClient.Service", "AntColonyClientService\AntColonyClient.Service.csproj", "{3E8959D9-FB05-4589-A3D8-5FC9DCF35B42}"
EndProject
Project("{9A19103F-16F7-4668-BE54-9A1E7A4F7556}") = "DebagExtLib", "DebagExtLib\DebagExtLib.csproj", "{08F2B17E-6106-4424-83E9-5B61B3D14BF0}"
EndProject
Project("{00D1A9C2-B5F0-4AF3-8072-F6C62B433612}") = "AntColonyDb", "AntColonyDb\AntColonyDb.sqlproj", "{B1ED9FBB-888D-47F1-93DF-44FCC20E8AB4}"
EndProject
Project("{9A19103F-16F7-4668-BE54-9A1E7A4F7556}") = "AntColony_ReactClient_v1", "AntColony_ReactClient_v1\AntColony_ReactClient_v1.csproj", "{2F5E8BA5-3766-492E-8E55-723562A765B2}"
EndProject
Global
	GlobalSection(SolutionConfigurationPlatforms) = preSolution
		Debug|Any CPU = Debug|Any CPU
		Release|Any CPU = Release|Any CPU
	EndGlobalSection
	GlobalSection(ProjectConfigurationPlatforms) = postSolution
		{3894887A-2321-4C95-9452-DA4B8E794E15}.Debug|Any CPU.ActiveCfg = Debug|Any CPU
		{3894887A-2321-4C95-9452-DA4B8E794E15}.Debug|Any CPU.Build.0 = Debug|Any CPU
		{3894887A-2321-4C95-9452-DA4B8E794E15}.Release|Any CPU.ActiveCfg = Release|Any CPU
		{3894887A-2321-4C95-9452-DA4B8E794E15}.Release|Any CPU.Build.0 = Release|Any CPU
		{55343941-FDF2-4CFF-AE67-F7B601A0ECD9}.Debug|Any CPU.ActiveCfg = Debug|Any CPU
		{55343941-FDF2-4CFF-AE67-F7B601A0ECD9}.Debug|Any CPU.Build.0 = Debug|Any CPU
		{55343941-FDF2-4CFF-AE67-F7B601A0ECD9}.Release|Any CPU.ActiveCfg = Release|Any CPU
		{55343941-FDF2-4CFF-AE67-F7B601A0ECD9}.Release|Any CPU.Build.0 = Release|Any CPU
		{DA3CE403-0F38-4CED-84EC-97794E4A0427}.Debug|Any CPU.ActiveCfg = Debug|Any CPU
		{DA3CE403-0F38-4CED-84EC-97794E4A0427}.Debug|Any CPU.Build.0 = Debug|Any CPU
		{DA3CE403-0F38-4CED-84EC-97794E4A0427}.Release|Any CPU.ActiveCfg = Release|Any CPU
		{DA3CE403-0F38-4CED-84EC-97794E4A0427}.Release|Any CPU.Build.0 = Release|Any CPU
		{3E8959D9-FB05-4589-A3D8-5FC9DCF35B42}.Debug|Any CPU.ActiveCfg = Debug|Any CPU
		{3E8959D9-FB05-4589-A3D8-5FC9DCF35B42}.Debug|Any CPU.Build.0 = Debug|Any CPU
		{3E8959D9-FB05-4589-A3D8-5FC9DCF35B42}.Release|Any CPU.ActiveCfg = Release|Any CPU
		{3E8959D9-FB05-4589-A3D8-5FC9DCF35B42}.Release|Any CPU.Build.0 = Release|Any CPU
		{08F2B17E-6106-4424-83E9-5B61B3D14BF0}.Debug|Any CPU.ActiveCfg = Debug|Any CPU
		{08F2B17E-6106-4424-83E9-5B61B3D14BF0}.Debug|Any CPU.Build.0 = Debug|Any CPU
		{08F2B17E-6106-4424-83E9-5B61B3D14BF0}.Release|Any CPU.ActiveCfg = Release|Any CPU
		{08F2B17E-6106-4424-83E9-5B61B3D14BF0}.Release|Any CPU.Build.0 = Release|Any CPU
		{B1ED9FBB-888D-47F1-93DF-44FCC20E8AB4}.Debug|Any CPU.ActiveCfg = Debug|Any CPU
		{B1ED9FBB-888D-47F1-93DF-44FCC20E8AB4}.Debug|Any CPU.Build.0 = Debug|Any CPU
		{B1ED9FBB-888D-47F1-93DF-44FCC20E8AB4}.Debug|Any CPU.Deploy.0 = Debug|Any CPU
		{B1ED9FBB-888D-47F1-93DF-44FCC20E8AB4}.Release|Any CPU.ActiveCfg = Release|Any CPU
		{B1ED9FBB-888D-47F1-93DF-44FCC20E8AB4}.Release|Any CPU.Build.0 = Release|Any CPU
		{B1ED9FBB-888D-47F1-93DF-44FCC20E8AB4}.Release|Any CPU.Deploy.0 = Release|Any CPU
		{2F5E8BA5-3766-492E-8E55-723562A765B2}.Debug|Any CPU.ActiveCfg = Debug|Any CPU
		{2F5E8BA5-3766-492E-8E55-723562A765B2}.Debug|Any CPU.Build.0 = Debug|Any CPU
		{2F5E8BA5-3766-492E-8E55-723562A765B2}.Release|Any CPU.ActiveCfg = Release|Any CPU
		{2F5E8BA5-3766-492E-8E55-723562A765B2}.Release|Any CPU.Build.0 = Release|Any CPU
	EndGlobalSection
	GlobalSection(SolutionProperties) = preSolution
		HideSolutionNode = FALSE
	EndGlobalSection
	GlobalSection(ExtensibilityGlobals) = postSolution
		SolutionGuid = {4840B8D2-279F-4CD4-A401-CBEED9B4E67E}
	EndGlobalSection
EndGlobal
